{
  "name": "next-ignore-babel-typescript-type-warnings",
  "version": "1.0.0",
  "lockfileVersion": 1,
  "requires": true,
  "dependencies": {
    "ignore-babel-typescript-type-warnings-webpack-plugin": {
      "version": "github:playeurzero/ignore-babel-typescript-type-warnings-webpack-plugin#08b747505cf3e8e9b34426bd2934ce59c5581abc",
      "from": "github:playeurzero/ignore-babel-typescript-type-warnings-webpack-plugin"
    }
  }
}
